
Microsoft Visual Studio Solution File, Format Version 12.00
# Visual Studio 15
VisualStudioVersion = 15.0.26403.0
MinimumVisualStudioVersion = 10.0.40219.1
Project("{FAE04EC0-301F-11D3-BF4B-00C04F79EFBC}") = "PHTC", "PHTC\PHTC.csproj", "{3E213477-58A8-46A7-8959-3C6150CF49DC}"
	ProjectSection(ProjectDependencies) = postProject
		{54137182-A76B-4705-872B-7EB074ED759E} = {54137182-A76B-4705-872B-7EB074ED759E}
		{4168E2B9-9C7D-47A1-9CC3-D2A27E642190} = {4168E2B9-9C7D-47A1-9CC3-D2A27E642190}
	EndProjectSection
EndProject
Project("{FAE04EC0-301F-11D3-BF4B-00C04F79EFBC}") = "Solver", "Solver\Solver.csproj", "{54137182-A76B-4705-872B-7EB074ED759E}"
	ProjectSection(ProjectDependencies) = postProject
		{4168E2B9-9C7D-47A1-9CC3-D2A27E642190} = {4168E2B9-9C7D-47A1-9CC3-D2A27E642190}
	EndProjectSection
EndProject
Project("{FAE04EC0-301F-11D3-BF4B-00C04F79EFBC}") = "GlobalTool", "GlobalTool\GlobalTool.csproj", "{C0EE716C-89DA-49A8-9F0B-35693C4C12D6}"
EndProject
Project("{FAE04EC0-301F-11D3-BF4B-00C04F79EFBC}") = "Model", "HeatTransferModel\Model.csproj", "{4168E2B9-9C7D-47A1-9CC3-D2A27E642190}"
EndProject
Project("{FAE04EC0-301F-11D3-BF4B-00C04F79EFBC}") = "DB", "DB\DB.csproj", "{6BBB1AE2-4677-4F54-AC51-BCF43F51A351}"
	ProjectSection(ProjectDependencies) = postProject
		{C0EE716C-89DA-49A8-9F0B-35693C4C12D6} = {C0EE716C-89DA-49A8-9F0B-35693C4C12D6}
		{4168E2B9-9C7D-47A1-9CC3-D2A27E642190} = {4168E2B9-9C7D-47A1-9CC3-D2A27E642190}
	EndProjectSection
EndProject
Global
	GlobalSection(SolutionConfigurationPlatforms) = preSolution
		Debug|Any CPU = Debug|Any CPU
		Release|Any CPU = Release|Any CPU
	EndGlobalSection
	GlobalSection(ProjectConfigurationPlatforms) = postSolution
		{3E213477-58A8-46A7-8959-3C6150CF49DC}.Debug|Any CPU.ActiveCfg = Debug|Any CPU
		{3E213477-58A8-46A7-8959-3C6150CF49DC}.Debug|Any CPU.Build.0 = Debug|Any CPU
		{3E213477-58A8-46A7-8959-3C6150CF49DC}.Release|Any CPU.ActiveCfg = Release|Any CPU
		{3E213477-58A8-46A7-8959-3C6150CF49DC}.Release|Any CPU.Build.0 = Release|Any CPU
		{54137182-A76B-4705-872B-7EB074ED759E}.Debug|Any CPU.ActiveCfg = Debug|Any CPU
		{54137182-A76B-4705-872B-7EB074ED759E}.Debug|Any CPU.Build.0 = Debug|Any CPU
		{54137182-A76B-4705-872B-7EB074ED759E}.Release|Any CPU.ActiveCfg = Release|Any CPU
		{54137182-A76B-4705-872B-7EB074ED759E}.Release|Any CPU.Build.0 = Release|Any CPU
		{C0EE716C-89DA-49A8-9F0B-35693C4C12D6}.Debug|Any CPU.ActiveCfg = Debug|Any CPU
		{C0EE716C-89DA-49A8-9F0B-35693C4C12D6}.Debug|Any CPU.Build.0 = Debug|Any CPU
		{C0EE716C-89DA-49A8-9F0B-35693C4C12D6}.Release|Any CPU.ActiveCfg = Release|Any CPU
		{C0EE716C-89DA-49A8-9F0B-35693C4C12D6}.Release|Any CPU.Build.0 = Release|Any CPU
		{4168E2B9-9C7D-47A1-9CC3-D2A27E642190}.Debug|Any CPU.ActiveCfg = Debug|Any CPU
		{4168E2B9-9C7D-47A1-9CC3-D2A27E642190}.Debug|Any CPU.Build.0 = Debug|Any CPU
		{4168E2B9-9C7D-47A1-9CC3-D2A27E642190}.Release|Any CPU.ActiveCfg = Release|Any CPU
		{4168E2B9-9C7D-47A1-9CC3-D2A27E642190}.Release|Any CPU.Build.0 = Release|Any CPU
		{6BBB1AE2-4677-4F54-AC51-BCF43F51A351}.Debug|Any CPU.ActiveCfg = Debug|Any CPU
		{6BBB1AE2-4677-4F54-AC51-BCF43F51A351}.Debug|Any CPU.Build.0 = Debug|Any CPU
		{6BBB1AE2-4677-4F54-AC51-BCF43F51A351}.Release|Any CPU.ActiveCfg = Release|Any CPU
		{6BBB1AE2-4677-4F54-AC51-BCF43F51A351}.Release|Any CPU.Build.0 = Release|Any CPU
	EndGlobalSection
	GlobalSection(SolutionProperties) = preSolution
		HideSolutionNode = FALSE
	EndGlobalSection
EndGlobal
