
Microsoft Visual Studio Solution File, Format Version 12.00
# Visual Studio 15
VisualStudioVersion = 15.0.26403.0
MinimumVisualStudioVersion = 10.0.40219.1
Project("{FAE04EC0-301F-11D3-BF4B-00C04F79EFBC}") = "PHTC", "PHTC\PHTC.csproj", "{3E213477-58A8-46A7-8959-3C6150CF49DC}"
	ProjectSection(ProjectDependencies) = postProject
		{4168E2B9-9C7D-47A1-9CC3-D2A27E642190} = {4168E2B9-9C7D-47A1-9CC3-D2A27E642190}
		{0CC585E9-583A-42A7-A04D-8E033B4466ED} = {0CC585E9-583A-42A7-A04D-8E033B4466ED}
	EndProjectSection
EndProject
Project("{FAE04EC0-301F-11D3-BF4B-00C04F79EFBC}") = "GlobalTool", "GlobalTool\GlobalTool.csproj", "{C0EE716C-89DA-49A8-9F0B-35693C4C12D6}"
EndProject
Project("{FAE04EC0-301F-11D3-BF4B-00C04F79EFBC}") = "Model", "HeatTransferModel\Model.csproj", "{4168E2B9-9C7D-47A1-9CC3-D2A27E642190}"
EndProject
Project("{FAE04EC0-301F-11D3-BF4B-00C04F79EFBC}") = "DB", "DB\DB.csproj", "{6BBB1AE2-4677-4F54-AC51-BCF43F51A351}"
	ProjectSection(ProjectDependencies) = postProject
		{C0EE716C-89DA-49A8-9F0B-35693C4C12D6} = {C0EE716C-89DA-49A8-9F0B-35693C4C12D6}
		{4168E2B9-9C7D-47A1-9CC3-D2A27E642190} = {4168E2B9-9C7D-47A1-9CC3-D2A27E642190}
	EndProjectSection
EndProject
Project("{FAE04EC0-301F-11D3-BF4B-00C04F79EFBC}") = "Reporter", "Reporter\Reporter.csproj", "{0CC585E9-583A-42A7-A04D-8E033B4466ED}"
	ProjectSection(ProjectDependencies) = postProject
		{4168E2B9-9C7D-47A1-9CC3-D2A27E642190} = {4168E2B9-9C7D-47A1-9CC3-D2A27E642190}
	EndProjectSection
EndProject
Project("{FAE04EC0-301F-11D3-BF4B-00C04F79EFBC}") = "UpdateLib", "UpdateLib\UpdateLib.csproj", "{79ADDED9-B3D7-4251-BACE-5B7EB96FD429}"
EndProject
Project("{FAE04EC0-301F-11D3-BF4B-00C04F79EFBC}") = "UpdateApp", "UpdateApp\UpdateApp.csproj", "{8932B1CF-B829-487D-A0C0-630F7001C373}"
EndProject
Project("{FAE04EC0-301F-11D3-BF4B-00C04F79EFBC}") = "UpdatePackageMaker", "UpdatePackageMaker\UpdatePackageMaker.csproj", "{39FA43B8-7CD4-4552-8226-C67204E73432}"
EndProject
Project("{2150E333-8FDC-42A3-9474-1A3956D46DE8}") = "Update", "Update", "{DAB3515E-1CD6-454C-B363-2634AAC78BB8}"
EndProject
Project("{2150E333-8FDC-42A3-9474-1A3956D46DE8}") = "Tools", "Tools", "{AD25B4A8-4B29-419C-B21E-836D8B1C7BC7}"
EndProject
Project("{FAE04EC0-301F-11D3-BF4B-00C04F79EFBC}") = "RegSet", "RegSet\RegSet.csproj", "{B22C4F46-9226-4073-9048-E13D9E96C9E5}"
EndProject
Global
	GlobalSection(SolutionConfigurationPlatforms) = preSolution
		Debug|Any CPU = Debug|Any CPU
		Release|Any CPU = Release|Any CPU
	EndGlobalSection
	GlobalSection(ProjectConfigurationPlatforms) = postSolution
		{3E213477-58A8-46A7-8959-3C6150CF49DC}.Debug|Any CPU.ActiveCfg = Debug|Any CPU
		{3E213477-58A8-46A7-8959-3C6150CF49DC}.Debug|Any CPU.Build.0 = Debug|Any CPU
		{3E213477-58A8-46A7-8959-3C6150CF49DC}.Release|Any CPU.ActiveCfg = Release|Any CPU
		{3E213477-58A8-46A7-8959-3C6150CF49DC}.Release|Any CPU.Build.0 = Release|Any CPU
		{C0EE716C-89DA-49A8-9F0B-35693C4C12D6}.Debug|Any CPU.ActiveCfg = Debug|Any CPU
		{C0EE716C-89DA-49A8-9F0B-35693C4C12D6}.Debug|Any CPU.Build.0 = Debug|Any CPU
		{C0EE716C-89DA-49A8-9F0B-35693C4C12D6}.Release|Any CPU.ActiveCfg = Release|Any CPU
		{C0EE716C-89DA-49A8-9F0B-35693C4C12D6}.Release|Any CPU.Build.0 = Release|Any CPU
		{4168E2B9-9C7D-47A1-9CC3-D2A27E642190}.Debug|Any CPU.ActiveCfg = Debug|Any CPU
		{4168E2B9-9C7D-47A1-9CC3-D2A27E642190}.Debug|Any CPU.Build.0 = Debug|Any CPU
		{4168E2B9-9C7D-47A1-9CC3-D2A27E642190}.Release|Any CPU.ActiveCfg = Release|Any CPU
		{4168E2B9-9C7D-47A1-9CC3-D2A27E642190}.Release|Any CPU.Build.0 = Release|Any CPU
		{6BBB1AE2-4677-4F54-AC51-BCF43F51A351}.Debug|Any CPU.ActiveCfg = Debug|Any CPU
		{6BBB1AE2-4677-4F54-AC51-BCF43F51A351}.Debug|Any CPU.Build.0 = Debug|Any CPU
		{6BBB1AE2-4677-4F54-AC51-BCF43F51A351}.Release|Any CPU.ActiveCfg = Release|Any CPU
		{6BBB1AE2-4677-4F54-AC51-BCF43F51A351}.Release|Any CPU.Build.0 = Release|Any CPU
		{0CC585E9-583A-42A7-A04D-8E033B4466ED}.Debug|Any CPU.ActiveCfg = Debug|Any CPU
		{0CC585E9-583A-42A7-A04D-8E033B4466ED}.Debug|Any CPU.Build.0 = Debug|Any CPU
		{0CC585E9-583A-42A7-A04D-8E033B4466ED}.Release|Any CPU.ActiveCfg = Release|Any CPU
		{0CC585E9-583A-42A7-A04D-8E033B4466ED}.Release|Any CPU.Build.0 = Release|Any CPU
		{79ADDED9-B3D7-4251-BACE-5B7EB96FD429}.Debug|Any CPU.ActiveCfg = Debug|Any CPU
		{79ADDED9-B3D7-4251-BACE-5B7EB96FD429}.Debug|Any CPU.Build.0 = Debug|Any CPU
		{79ADDED9-B3D7-4251-BACE-5B7EB96FD429}.Release|Any CPU.ActiveCfg = Release|Any CPU
		{79ADDED9-B3D7-4251-BACE-5B7EB96FD429}.Release|Any CPU.Build.0 = Release|Any CPU
		{8932B1CF-B829-487D-A0C0-630F7001C373}.Debug|Any CPU.ActiveCfg = Debug|Any CPU
		{8932B1CF-B829-487D-A0C0-630F7001C373}.Debug|Any CPU.Build.0 = Debug|Any CPU
		{8932B1CF-B829-487D-A0C0-630F7001C373}.Release|Any CPU.ActiveCfg = Release|Any CPU
		{8932B1CF-B829-487D-A0C0-630F7001C373}.Release|Any CPU.Build.0 = Release|Any CPU
		{39FA43B8-7CD4-4552-8226-C67204E73432}.Debug|Any CPU.ActiveCfg = Debug|Any CPU
		{39FA43B8-7CD4-4552-8226-C67204E73432}.Debug|Any CPU.Build.0 = Debug|Any CPU
		{39FA43B8-7CD4-4552-8226-C67204E73432}.Release|Any CPU.ActiveCfg = Release|Any CPU
		{39FA43B8-7CD4-4552-8226-C67204E73432}.Release|Any CPU.Build.0 = Release|Any CPU
		{B22C4F46-9226-4073-9048-E13D9E96C9E5}.Debug|Any CPU.ActiveCfg = Debug|Any CPU
		{B22C4F46-9226-4073-9048-E13D9E96C9E5}.Debug|Any CPU.Build.0 = Debug|Any CPU
		{B22C4F46-9226-4073-9048-E13D9E96C9E5}.Release|Any CPU.ActiveCfg = Release|Any CPU
		{B22C4F46-9226-4073-9048-E13D9E96C9E5}.Release|Any CPU.Build.0 = Release|Any CPU
	EndGlobalSection
	GlobalSection(SolutionProperties) = preSolution
		HideSolutionNode = FALSE
	EndGlobalSection
	GlobalSection(NestedProjects) = preSolution
		{79ADDED9-B3D7-4251-BACE-5B7EB96FD429} = {DAB3515E-1CD6-454C-B363-2634AAC78BB8}
		{8932B1CF-B829-487D-A0C0-630F7001C373} = {DAB3515E-1CD6-454C-B363-2634AAC78BB8}
		{39FA43B8-7CD4-4552-8226-C67204E73432} = {DAB3515E-1CD6-454C-B363-2634AAC78BB8}
		{B22C4F46-9226-4073-9048-E13D9E96C9E5} = {AD25B4A8-4B29-419C-B21E-836D8B1C7BC7}
	EndGlobalSection
EndGlobal
